// !$*UTF8*$!
{
	archiveVersion = 1;
	classes = {
	};
	objectVersion = 50;
	objects = {

/* Begin PBXBuildFile section */
		BA2EC1BD2724673A0027EF97 /* ElectricCar.swift in Sources */ = {isa = PBXBuildFile; fileRef = BA2EC1BC2724673A0027EF97 /* ElectricCar.swift */; };
		BAE232E12722FDD500427E82 /* AppDelegate.swift in Sources */ = {isa = PBXBuildFile; fileRef = BAE232E02722FDD500427E82 /* AppDelegate.swift */; };
		BAE232E32722FDD500427E82 /* SceneDelegate.swift in Sources */ = {isa = PBXBuildFile; fileRef = BAE232E22722FDD500427E82 /* SceneDelegate.swift */; };
		BAE232E52722FDD500427E82 /* ViewController.swift in Sources */ = {isa = PBXBuildFile; fileRef = BAE232E42722FDD500427E82 /* ViewController.swift */; };
		BAE232E82722FDD500427E82 /* Main.storyboard in Resources */ = {isa = PBXBuildFile; fileRef = BAE232E62722FDD500427E82 /* Main.storyboard */; };
		BAE232EA2722FDD600427E82 /* Assets.xcassets in Resources */ = {isa = PBXBuildFile; fileRef = BAE232E92722FDD600427E82 /* Assets.xcassets */; };
		BAE232ED2722FDD600427E82 /* LaunchScreen.storyboard in Resources */ = {isa = PBXBuildFile; fileRef = BAE232EB2722FDD600427E82 /* LaunchScreen.storyboard */; };
		BAE232F52722FEF800427E82 /* Car.swift in Sources */ = {isa = PBXBuildFile; fileRef = BAE232F42722FEF800427E82 /* Car.swift */; };
		BAE232F727232B4A00427E82 /* CarInformationViewController.swift in Sources */ = {isa = PBXBuildFile; fileRef = BAE232F627232B4A00427E82 /* CarInformationViewController.swift */; };
/* End PBXBuildFile section */

/* Begin PBXFileReference section */
		BA2EC1BC2724673A0027EF97 /* ElectricCar.swift */ = {isa = PBXFileReference; lastKnownFileType = sourcecode.swift; path = ElectricCar.swift; sourceTree = "<group>"; };
		BAE232DD2722FDD500427E82 /* CarsFactory.app */ = {isa = PBXFileReference; explicitFileType = wrapper.application; includeInIndex = 0; path = CarsFactory.app; sourceTree = BUILT_PRODUCTS_DIR; };
		BAE232E02722FDD500427E82 /* AppDelegate.swift */ = {isa = PBXFileReference; lastKnownFileType = sourcecode.swift; path = AppDelegate.swift; sourceTree = "<group>"; };
		BAE232E22722FDD500427E82 /* SceneDelegate.swift */ = {isa = PBXFileReference; lastKnownFileType = sourcecode.swift; path = SceneDelegate.swift; sourceTree = "<group>"; };
		BAE232E42722FDD500427E82 /* ViewController.swift */ = {isa = PBXFileReference; lastKnownFileType = sourcecode.swift; path = ViewController.swift; sourceTree = "<group>"; };
		BAE232E72722FDD500427E82 /* Base */ = {isa = PBXFileReference; lastKnownFileType = file.storyboard; name = Base; path = Base.lproj/Main.storyboard; sourceTree = "<group>"; };
		BAE232E92722FDD600427E82 /* Assets.xcassets */ = {isa = PBXFileReference; lastKnownFileType = folder.assetcatalog; path = Assets.xcassets; sourceTree = "<group>"; };
		BAE232EC2722FDD600427E82 /* Base */ = {isa = PBXFileReference; lastKnownFileType = file.storyboard; name = Base; path = Base.lproj/LaunchScreen.storyboard; sourceTree = "<group>"; };
		BAE232EE2722FDD600427E82 /* Info.plist */ = {isa = PBXFileReference; lastKnownFileType = text.plist.xml; path = Info.plist; sourceTree = "<group>"; };
		BAE232F42722FEF800427E82 /* Car.swift */ = {isa = PBXFileReference; lastKnownFileType = sourcecode.swift; path = Car.swift; sourceTree = "<group>"; };
		BAE232F627232B4A00427E82 /* CarInformationViewController.swift */ = {isa = PBXFileReference; lastKnownFileType = sourcecode.swift; path = CarInformationViewController.swift; sourceTree = "<group>"; };
/* End PBXFileReference section */

/* Begin PBXFrameworksBuildPhase section */
		BAE232DA2722FDD500427E82 /* Frameworks */ = {
			isa = PBXFrameworksBuildPhase;
			buildActionMask = 2147483647;
			files = (
			);
			runOnlyForDeploymentPostprocessing = 0;
		};
/* End PBXFrameworksBuildPhase section */

/* Begin PBXGroup section */
		BAE232D42722FDD500427E82 = {
			isa = PBXGroup;
			children = (
				BAE232DF2722FDD500427E82 /* CarsFactory */,
				BAE232DE2722FDD500427E82 /* Products */,
			);
			sourceTree = "<group>";
		};
		BAE232DE2722FDD500427E82 /* Products */ = {
			isa = PBXGroup;
			children = (
				BAE232DD2722FDD500427E82 /* CarsFactory.app */,
			);
			name = Products;
			sourceTree = "<group>";
		};
		BAE232DF2722FDD500427E82 /* CarsFactory */ = {
			isa = PBXGroup;
			children = (
				BAE232E02722FDD500427E82 /* AppDelegate.swift */,
				BAE232E22722FDD500427E82 /* SceneDelegate.swift */,
				BAE232EE2722FDD600427E82 /* Info.plist */,
				BAE232F42722FEF800427E82 /* Car.swift */,
				BA2EC1BC2724673A0027EF97 /* ElectricCar.swift */,
				BAE232E92722FDD600427E82 /* Assets.xcassets */,
				BAE232EB2722FDD600427E82 /* LaunchScreen.storyboard */,
				BAE232E62722FDD500427E82 /* Main.storyboard */,
				BAE232E42722FDD500427E82 /* ViewController.swift */,
				BAE232F627232B4A00427E82 /* CarInformationViewController.swift */,
			);
			path = CarsFactory;
			sourceTree = "<group>";
		};
/* End PBXGroup section */

/* Begin PBXNativeTarget section */
		BAE232DC2722FDD500427E82 /* CarsFactory */ = {
			isa = PBXNativeTarget;
			buildConfigurationList = BAE232F12722FDD600427E82 /* Build configuration list for PBXNativeTarget "CarsFactory" */;
			buildPhases = (
				BAE232D92722FDD500427E82 /* Sources */,
				BAE232DA2722FDD500427E82 /* Frameworks */,
				BAE232DB2722FDD500427E82 /* Resources */,
			);
			buildRules = (
			);
			dependencies = (
			);
			name = CarsFactory;
			productName = CarsFactory;
			productReference = BAE232DD2722FDD500427E82 /* CarsFactory.app */;
			productType = "com.apple.product-type.application";
		};
/* End PBXNativeTarget section */

/* Begin PBXProject section */
		BAE232D52722FDD500427E82 /* Project object */ = {
			isa = PBXProject;
			attributes = {
				LastSwiftUpdateCheck = 1250;
				LastUpgradeCheck = 1250;
				TargetAttributes = {
					BAE232DC2722FDD500427E82 = {
						CreatedOnToolsVersion = 12.5.1;
					};
				};
			};
			buildConfigurationList = BAE232D82722FDD500427E82 /* Build configuration list for PBXProject "CarsFactory" */;
			compatibilityVersion = "Xcode 9.3";
			developmentRegion = en;
			hasScannedForEncodings = 0;
			knownRegions = (
				en,
				Base,
			);
			mainGroup = BAE232D42722FDD500427E82;
			productRefGroup = BAE232DE2722FDD500427E82 /* Products */;
			projectDirPath = "";
			projectRoot = "";
			targets = (
				BAE232DC2722FDD500427E82 /* CarsFactory */,
			);
		};
/* End PBXProject section */

/* Begin PBXResourcesBuildPhase section */
		BAE232DB2722FDD500427E82 /* Resources */ = {
			isa = PBXResourcesBuildPhase;
			buildActionMask = 2147483647;
			files = (
				BAE232ED2722FDD600427E82 /* LaunchScreen.storyboard in Resources */,
				BAE232EA2722FDD600427E82 /* Assets.xcassets in Resources */,
				BAE232E82722FDD500427E82 /* Main.storyboard in Resources */,
			);
			runOnlyForDeploymentPostprocessing = 0;
		};
/* End PBXResourcesBuildPhase section */

/* Begin PBXSourcesBuildPhase section */
		BAE232D92722FDD500427E82 /* Sources */ = {
			isa = PBXSourcesBuildPhase;
			buildActionMask = 2147483647;
			files = (
				BAE232E52722FDD500427E82 /* ViewController.swift in Sources */,
				BAE232E12722FDD500427E82 /* AppDelegate.swift in Sources */,
				BAE232F52722FEF800427E82 /* Car.swift in Sources */,
				BAE232E32722FDD500427E82 /* SceneDelegate.swift in Sources */,
				BAE232F727232B4A00427E82 /* CarInformationViewController.swift in Sources */,
				BA2EC1BD2724673A0027EF97 /* ElectricCar.swift in Sources */,
			);
			runOnlyForDeploymentPostprocessing = 0;
		};
/* End PBXSourcesBuildPhase section */

/* Begin PBXVariantGroup section */
		BAE232E62722FDD500427E82 /* Main.storyboard */ = {
			isa = PBXVariantGroup;
			children = (
				BAE232E72722FDD500427E82 /* Base */,
			);
			name = Main.storyboard;
			sourceTree = "<group>";
		};
		BAE232EB2722FDD600427E82 /* LaunchScreen.storyboard */ = {
			isa = PBXVariantGroup;
			children = (
				BAE232EC2722FDD600427E82 /* Base */,
			);
			name = LaunchScreen.storyboard;
			sourceTree = "<group>";
		};
/* End PBXVariantGroup section */

/* Begin XCBuildConfiguration section */
		BAE232EF2722FDD600427E82 /* Debug */ = {
			isa = XCBuildConfiguration;
			buildSettings = {
				ALWAYS_SEARCH_USER_PATHS = NO;
				CLANG_ANALYZER_NONNULL = YES;
				CLANG_ANALYZER_NUMBER_OBJECT_CONVERSION = YES_AGGRESSIVE;
				CLANG_CXX_LANGUAGE_STANDARD = "gnu++14";
				CLANG_CXX_LIBRARY = "libc++";
				CLANG_ENABLE_MODULES = YES;
				CLANG_ENABLE_OBJC_ARC = YES;
				CLANG_ENABLE_OBJC_WEAK = YES;
				CLANG_WARN_BLOCK_CAPTURE_AUTORELEASING = YES;
				CLANG_WARN_BOOL_CONVERSION = YES;
				CLANG_WARN_COMMA = YES;
				CLANG_WARN_CONSTANT_CONVERSION = YES;
				CLANG_WARN_DEPRECATED_OBJC_IMPLEMENTATIONS = YES;
				CLANG_WARN_DIRECT_OBJC_ISA_USAGE = YES_ERROR;
				CLANG_WARN_DOCUMENTATION_COMMENTS = YES;
				CLANG_WARN_EMPTY_BODY = YES;
				CLANG_WARN_ENUM_CONVERSION = YES;
				CLANG_WARN_INFINITE_RECURSION = YES;
				CLANG_WARN_INT_CONVERSION = YES;
				CLANG_WARN_NON_LITERAL_NULL_CONVERSION = YES;
				CLANG_WARN_OBJC_IMPLICIT_RETAIN_SELF = YES;
				CLANG_WARN_OBJC_LITERAL_CONVERSION = YES;
				CLANG_WARN_OBJC_ROOT_CLASS = YES_ERROR;
				CLANG_WARN_QUOTED_INCLUDE_IN_FRAMEWORK_HEADER = YES;
				CLANG_WARN_RANGE_LOOP_ANALYSIS = YES;
				CLANG_WARN_STRICT_PROTOTYPES = YES;
				CLANG_WARN_SUSPICIOUS_MOVE = YES;
				CLANG_WARN_UNGUARDED_AVAILABILITY = YES_AGGRESSIVE;
				CLANG_WARN_UNREACHABLE_CODE = YES;
				CLANG_WARN__DUPLICATE_METHOD_MATCH = YES;
				COPY_PHASE_STRIP = NO;
				DEBUG_INFORMATION_FORMAT = dwarf;
				ENABLE_STRICT_OBJC_MSGSEND = YES;
				ENABLE_TESTABILITY = YES;
				GCC_C_LANGUAGE_STANDARD = gnu11;
				GCC_DYNAMIC_NO_PIC = NO;
				GCC_NO_COMMON_BLOCKS = YES;
				GCC_OPTIMIZATION_LEVEL = 0;
				GCC_PREPROCESSOR_DEFINITIONS = (
					"DEBUG=1",
					"$(inherited)",
				);
				GCC_WARN_64_TO_32_BIT_CONVERSION = YES;
				GCC_WARN_ABOUT_RETURN_TYPE = YES_ERROR;
				GCC_WARN_UNDECLARED_SELECTOR = YES;
				GCC_WARN_UNINITIALIZED_AUTOS = YES_AGGRESSIVE;
				GCC_WARN_UNUSED_FUNCTION = YES;
				GCC_WARN_UNUSED_VARIABLE = YES;
				IPHONEOS_DEPLOYMENT_TARGET = 14.5;
				MTL_ENABLE_DEBUG_INFO = INCLUDE_SOURCE;
				MTL_FAST_MATH = YES;
				ONLY_ACTIVE_ARCH = YES;
				SDKROOT = iphoneos;
				SWIFT_ACTIVE_COMPILATION_CONDITIONS = DEBUG;
				SWIFT_OPTIMIZATION_LEVEL = "-Onone";
			};
			name = Debug;
		};
		BAE232F02722FDD600427E82 /* Release */ = {
			isa = XCBuildConfiguration;
			buildSettings = {
				ALWAYS_SEARCH_USER_PATHS = NO;
				CLANG_ANALYZER_NONNULL = YES;
				CLANG_ANALYZER_NUMBER_OBJECT_CONVERSION = YES_AGGRESSIVE;
				CLANG_CXX_LANGUAGE_STANDARD = "gnu++14";
				CLANG_CXX_LIBRARY = "libc++";
				CLANG_ENABLE_MODULES = YES;
				CLANG_ENABLE_OBJC_ARC = YES;
				CLANG_ENABLE_OBJC_WEAK = YES;
				CLANG_WARN_BLOCK_CAPTURE_AUTORELEASING = YES;
				CLANG_WARN_BOOL_CONVERSION = YES;
				CLANG_WARN_COMMA = YES;
				CLANG_WARN_CONSTANT_CONVERSION = YES;
				CLANG_WARN_DEPRECATED_OBJC_IMPLEMENTATIONS = YES;
				CLANG_WARN_DIRECT_OBJC_ISA_USAGE = YES_ERROR;
				CLANG_WARN_DOCUMENTATION_COMMENTS = YES;
				CLANG_WARN_EMPTY_BODY = YES;
				CLANG_WARN_ENUM_CONVERSION = YES;
				CLANG_WARN_INFINITE_RECURSION = YES;
				CLANG_WARN_INT_CONVERSION = YES;
				CLANG_WARN_NON_LITERAL_NULL_CONVERSION = YES;
				CLANG_WARN_OBJC_IMPLICIT_RETAIN_SELF = YES;
				CLANG_WARN_OBJC_LITERAL_CONVERSION = YES;
				CLANG_WARN_OBJC_ROOT_CLASS = YES_ERROR;
				CLANG_WARN_QUOTED_INCLUDE_IN_FRAMEWORK_HEADER = YES;
				CLANG_WARN_RANGE_LOOP_ANALYSIS = YES;
				CLANG_WARN_STRICT_PROTOTYPES = YES;
				CLANG_WARN_SUSPICIOUS_MOVE = YES;
				CLANG_WARN_UNGUARDED_AVAILABILITY = YES_AGGRESSIVE;
				CLANG_WARN_UNREACHABLE_CODE = YES;
				CLANG_WARN__DUPLICATE_METHOD_MATCH = YES;
				COPY_PHASE_STRIP = NO;
				DEBUG_INFORMATION_FORMAT = "dwarf-with-dsym";
				ENABLE_NS_ASSERTIONS = NO;
				ENABLE_STRICT_OBJC_MSGSEND = YES;
				GCC_C_LANGUAGE_STANDARD = gnu11;
				GCC_NO_COMMON_BLOCKS = YES;
				GCC_WARN_64_TO_32_BIT_CONVERSION = YES;
				GCC_WARN_ABOUT_RETURN_TYPE = YES_ERROR;
				GCC_WARN_UNDECLARED_SELECTOR = YES;
				GCC_WARN_UNINITIALIZED_AUTOS = YES_AGGRESSIVE;
				GCC_WARN_UNUSED_FUNCTION = YES;
				GCC_WARN_UNUSED_VARIABLE = YES;
				IPHONEOS_DEPLOYMENT_TARGET = 14.5;
				MTL_ENABLE_DEBUG_INFO = NO;
				MTL_FAST_MATH = YES;
				SDKROOT = iphoneos;
				SWIFT_COMPILATION_MODE = wholemodule;
				SWIFT_OPTIMIZATION_LEVEL = "-O";
				VALIDATE_PRODUCT = YES;
			};
			name = Release;
		};
		BAE232F22722FDD600427E82 /* Debug */ = {
			isa = XCBuildConfiguration;
			buildSettings = {
				ASSETCATALOG_COMPILER_APPICON_NAME = AppIcon;
				ASSETCATALOG_COMPILER_GLOBAL_ACCENT_COLOR_NAME = AccentColor;
				CODE_SIGN_STYLE = Automatic;
				DEVELOPMENT_TEAM = 666GJ24875;
				INFOPLIST_FILE = CarsFactory/Info.plist;
				LD_RUNPATH_SEARCH_PATHS = (
					"$(inherited)",
					"@executable_path/Frameworks",
				);
				PRODUCT_BUNDLE_IDENTIFIER = cl.eseg.CarsFactory;
				PRODUCT_NAME = "$(TARGET_NAME)";
				SWIFT_VERSION = 5.0;
				TARGETED_DEVICE_FAMILY = "1,2";
			};
			name = Debug;
		};
		BAE232F32722FDD600427E82 /* Release */ = {
			isa = XCBuildConfiguration;
			buildSettings = {
				ASSETCATALOG_COMPILER_APPICON_NAME = AppIcon;
				ASSETCATALOG_COMPILER_GLOBAL_ACCENT_COLOR_NAME = AccentColor;
				CODE_SIGN_STYLE = Automatic;
				DEVELOPMENT_TEAM = 666GJ24875;
				INFOPLIST_FILE = CarsFactory/Info.plist;
				LD_RUNPATH_SEARCH_PATHS = (
					"$(inherited)",
					"@executable_path/Frameworks",
				);
				PRODUCT_BUNDLE_IDENTIFIER = cl.eseg.CarsFactory;
				PRODUCT_NAME = "$(TARGET_NAME)";
				SWIFT_VERSION = 5.0;
				TARGETED_DEVICE_FAMILY = "1,2";
			};
			name = Release;
		};
/* End XCBuildConfiguration section */

/* Begin XCConfigurationList section */
		BAE232D82722FDD500427E82 /* Build configuration list for PBXProject "CarsFactory" */ = {
			isa = XCConfigurationList;
			buildConfigurations = (
				BAE232EF2722FDD600427E82 /* Debug */,
				BAE232F02722FDD600427E82 /* Release */,
			);
			defaultConfigurationIsVisible = 0;
			defaultConfigurationName = Release;
		};
		BAE232F12722FDD600427E82 /* Build configuration list for PBXNativeTarget "CarsFactory" */ = {
			isa = XCConfigurationList;
			buildConfigurations = (
				BAE232F22722FDD600427E82 /* Debug */,
				BAE232F32722FDD600427E82 /* Release */,
			);
			defaultConfigurationIsVisible = 0;
			defaultConfigurationName = Release;
		};
/* End XCConfigurationList section */
	};
	rootObject = BAE232D52722FDD500427E82 /* Project object */;
}
