// !$*UTF8*$!
{
	archiveVersion = 1;
	classes = {
	};
	objectVersion = 50;
	objects = {

/* Begin PBXBuildFile section */
		BA563F61272197FA0099EADC /* AppDelegate.swift in Sources */ = {isa = PBXBuildFile; fileRef = BA563F60272197FA0099EADC /* AppDelegate.swift */; };
		BA563F63272197FA0099EADC /* SceneDelegate.swift in Sources */ = {isa = PBXBuildFile; fileRef = BA563F62272197FA0099EADC /* SceneDelegate.swift */; };
		BA563F65272197FA0099EADC /* ViewController.swift in Sources */ = {isa = PBXBuildFile; fileRef = BA563F64272197FA0099EADC /* ViewController.swift */; };
		BA563F68272197FA0099EADC /* Main.storyboard in Resources */ = {isa = PBXBuildFile; fileRef = BA563F66272197FA0099EADC /* Main.storyboard */; };
		BA563F6A272197FB0099EADC /* Assets.xcassets in Resources */ = {isa = PBXBuildFile; fileRef = BA563F69272197FB0099EADC /* Assets.xcassets */; };
		BA563F6D272197FB0099EADC /* LaunchScreen.storyboard in Resources */ = {isa = PBXBuildFile; fileRef = BA563F6B272197FB0099EADC /* LaunchScreen.storyboard */; };
		BAA412E12721DB41003DFCED /* MyCustomTableViewCell.swift in Sources */ = {isa = PBXBuildFile; fileRef = BAA412DF2721DB41003DFCED /* MyCustomTableViewCell.swift */; };
		BAA412E22721DB41003DFCED /* MyCustomTableViewCell.xib in Resources */ = {isa = PBXBuildFile; fileRef = BAA412E02721DB41003DFCED /* MyCustomTableViewCell.xib */; };
/* End PBXBuildFile section */

/* Begin PBXFileReference section */
		BA563F5D272197FA0099EADC /* TableViews.app */ = {isa = PBXFileReference; explicitFileType = wrapper.application; includeInIndex = 0; path = TableViews.app; sourceTree = BUILT_PRODUCTS_DIR; };
		BA563F60272197FA0099EADC /* AppDelegate.swift */ = {isa = PBXFileReference; lastKnownFileType = sourcecode.swift; path = AppDelegate.swift; sourceTree = "<group>"; };
		BA563F62272197FA0099EADC /* SceneDelegate.swift */ = {isa = PBXFileReference; lastKnownFileType = sourcecode.swift; path = SceneDelegate.swift; sourceTree = "<group>"; };
		BA563F64272197FA0099EADC /* ViewController.swift */ = {isa = PBXFileReference; lastKnownFileType = sourcecode.swift; path = ViewController.swift; sourceTree = "<group>"; };
		BA563F67272197FA0099EADC /* Base */ = {isa = PBXFileReference; lastKnownFileType = file.storyboard; name = Base; path = Base.lproj/Main.storyboard; sourceTree = "<group>"; };
		BA563F69272197FB0099EADC /* Assets.xcassets */ = {isa = PBXFileReference; lastKnownFileType = folder.assetcatalog; path = Assets.xcassets; sourceTree = "<group>"; };
		BA563F6C272197FB0099EADC /* Base */ = {isa = PBXFileReference; lastKnownFileType = file.storyboard; name = Base; path = Base.lproj/LaunchScreen.storyboard; sourceTree = "<group>"; };
		BA563F6E272197FB0099EADC /* Info.plist */ = {isa = PBXFileReference; lastKnownFileType = text.plist.xml; path = Info.plist; sourceTree = "<group>"; };
		BAA412DF2721DB41003DFCED /* MyCustomTableViewCell.swift */ = {isa = PBXFileReference; lastKnownFileType = sourcecode.swift; path = MyCustomTableViewCell.swift; sourceTree = "<group>"; };
		BAA412E02721DB41003DFCED /* MyCustomTableViewCell.xib */ = {isa = PBXFileReference; lastKnownFileType = file.xib; path = MyCustomTableViewCell.xib; sourceTree = "<group>"; };
/* End PBXFileReference section */

/* Begin PBXFrameworksBuildPhase section */
		BA563F5A272197FA0099EADC /* Frameworks */ = {
			isa = PBXFrameworksBuildPhase;
			buildActionMask = 2147483647;
			files = (
			);
			runOnlyForDeploymentPostprocessing = 0;
		};
/* End PBXFrameworksBuildPhase section */

/* Begin PBXGroup section */
		BA563F54272197FA0099EADC = {
			isa = PBXGroup;
			children = (
				BA563F5F272197FA0099EADC /* TableViews */,
				BA563F5E272197FA0099EADC /* Products */,
			);
			sourceTree = "<group>";
		};
		BA563F5E272197FA0099EADC /* Products */ = {
			isa = PBXGroup;
			children = (
				BA563F5D272197FA0099EADC /* TableViews.app */,
			);
			name = Products;
			sourceTree = "<group>";
		};
		BA563F5F272197FA0099EADC /* TableViews */ = {
			isa = PBXGroup;
			children = (
				BAA412DF2721DB41003DFCED /* MyCustomTableViewCell.swift */,
				BAA412E02721DB41003DFCED /* MyCustomTableViewCell.xib */,
				BA563F60272197FA0099EADC /* AppDelegate.swift */,
				BA563F62272197FA0099EADC /* SceneDelegate.swift */,
				BA563F64272197FA0099EADC /* ViewController.swift */,
				BA563F66272197FA0099EADC /* Main.storyboard */,
				BA563F69272197FB0099EADC /* Assets.xcassets */,
				BA563F6B272197FB0099EADC /* LaunchScreen.storyboard */,
				BA563F6E272197FB0099EADC /* Info.plist */,
			);
			path = TableViews;
			sourceTree = "<group>";
		};
/* End PBXGroup section */

/* Begin PBXNativeTarget section */
		BA563F5C272197FA0099EADC /* TableViews */ = {
			isa = PBXNativeTarget;
			buildConfigurationList = BA563F71272197FB0099EADC /* Build configuration list for PBXNativeTarget "TableViews" */;
			buildPhases = (
				BA563F59272197FA0099EADC /* Sources */,
				BA563F5A272197FA0099EADC /* Frameworks */,
				BA563F5B272197FA0099EADC /* Resources */,
			);
			buildRules = (
			);
			dependencies = (
			);
			name = TableViews;
			productName = TableViews;
			productReference = BA563F5D272197FA0099EADC /* TableViews.app */;
			productType = "com.apple.product-type.application";
		};
/* End PBXNativeTarget section */

/* Begin PBXProject section */
		BA563F55272197FA0099EADC /* Project object */ = {
			isa = PBXProject;
			attributes = {
				LastSwiftUpdateCheck = 1250;
				LastUpgradeCheck = 1250;
				TargetAttributes = {
					BA563F5C272197FA0099EADC = {
						CreatedOnToolsVersion = 12.5.1;
					};
				};
			};
			buildConfigurationList = BA563F58272197FA0099EADC /* Build configuration list for PBXProject "TableViews" */;
			compatibilityVersion = "Xcode 9.3";
			developmentRegion = en;
			hasScannedForEncodings = 0;
			knownRegions = (
				en,
				Base,
			);
			mainGroup = BA563F54272197FA0099EADC;
			productRefGroup = BA563F5E272197FA0099EADC /* Products */;
			projectDirPath = "";
			projectRoot = "";
			targets = (
				BA563F5C272197FA0099EADC /* TableViews */,
			);
		};
/* End PBXProject section */

/* Begin PBXResourcesBuildPhase section */
		BA563F5B272197FA0099EADC /* Resources */ = {
			isa = PBXResourcesBuildPhase;
			buildActionMask = 2147483647;
			files = (
				BA563F6D272197FB0099EADC /* LaunchScreen.storyboard in Resources */,
				BA563F6A272197FB0099EADC /* Assets.xcassets in Resources */,
				BAA412E22721DB41003DFCED /* MyCustomTableViewCell.xib in Resources */,
				BA563F68272197FA0099EADC /* Main.storyboard in Resources */,
			);
			runOnlyForDeploymentPostprocessing = 0;
		};
/* End PBXResourcesBuildPhase section */

/* Begin PBXSourcesBuildPhase section */
		BA563F59272197FA0099EADC /* Sources */ = {
			isa = PBXSourcesBuildPhase;
			buildActionMask = 2147483647;
			files = (
				BA563F65272197FA0099EADC /* ViewController.swift in Sources */,
				BA563F61272197FA0099EADC /* AppDelegate.swift in Sources */,
				BAA412E12721DB41003DFCED /* MyCustomTableViewCell.swift in Sources */,
				BA563F63272197FA0099EADC /* SceneDelegate.swift in Sources */,
			);
			runOnlyForDeploymentPostprocessing = 0;
		};
/* End PBXSourcesBuildPhase section */

/* Begin PBXVariantGroup section */
		BA563F66272197FA0099EADC /* Main.storyboard */ = {
			isa = PBXVariantGroup;
			children = (
				BA563F67272197FA0099EADC /* Base */,
			);
			name = Main.storyboard;
			sourceTree = "<group>";
		};
		BA563F6B272197FB0099EADC /* LaunchScreen.storyboard */ = {
			isa = PBXVariantGroup;
			children = (
				BA563F6C272197FB0099EADC /* Base */,
			);
			name = LaunchScreen.storyboard;
			sourceTree = "<group>";
		};
/* End PBXVariantGroup section */

/* Begin XCBuildConfiguration section */
		BA563F6F272197FB0099EADC /* Debug */ = {
			isa = XCBuildConfiguration;
			buildSettings = {
				ALWAYS_SEARCH_USER_PATHS = NO;
				CLANG_ANALYZER_NONNULL = YES;
				CLANG_ANALYZER_NUMBER_OBJECT_CONVERSION = YES_AGGRESSIVE;
				CLANG_CXX_LANGUAGE_STANDARD = "gnu++14";
				CLANG_CXX_LIBRARY = "libc++";
				CLANG_ENABLE_MODULES = YES;
				CLANG_ENABLE_OBJC_ARC = YES;
				CLANG_ENABLE_OBJC_WEAK = YES;
				CLANG_WARN_BLOCK_CAPTURE_AUTORELEASING = YES;
				CLANG_WARN_BOOL_CONVERSION = YES;
				CLANG_WARN_COMMA = YES;
				CLANG_WARN_CONSTANT_CONVERSION = YES;
				CLANG_WARN_DEPRECATED_OBJC_IMPLEMENTATIONS = YES;
				CLANG_WARN_DIRECT_OBJC_ISA_USAGE = YES_ERROR;
				CLANG_WARN_DOCUMENTATION_COMMENTS = YES;
				CLANG_WARN_EMPTY_BODY = YES;
				CLANG_WARN_ENUM_CONVERSION = YES;
				CLANG_WARN_INFINITE_RECURSION = YES;
				CLANG_WARN_INT_CONVERSION = YES;
				CLANG_WARN_NON_LITERAL_NULL_CONVERSION = YES;
				CLANG_WARN_OBJC_IMPLICIT_RETAIN_SELF = YES;
				CLANG_WARN_OBJC_LITERAL_CONVERSION = YES;
				CLANG_WARN_OBJC_ROOT_CLASS = YES_ERROR;
				CLANG_WARN_QUOTED_INCLUDE_IN_FRAMEWORK_HEADER = YES;
				CLANG_WARN_RANGE_LOOP_ANALYSIS = YES;
				CLANG_WARN_STRICT_PROTOTYPES = YES;
				CLANG_WARN_SUSPICIOUS_MOVE = YES;
				CLANG_WARN_UNGUARDED_AVAILABILITY = YES_AGGRESSIVE;
				CLANG_WARN_UNREACHABLE_CODE = YES;
				CLANG_WARN__DUPLICATE_METHOD_MATCH = YES;
				COPY_PHASE_STRIP = NO;
				DEBUG_INFORMATION_FORMAT = dwarf;
				ENABLE_STRICT_OBJC_MSGSEND = YES;
				ENABLE_TESTABILITY = YES;
				GCC_C_LANGUAGE_STANDARD = gnu11;
				GCC_DYNAMIC_NO_PIC = NO;
				GCC_NO_COMMON_BLOCKS = YES;
				GCC_OPTIMIZATION_LEVEL = 0;
				GCC_PREPROCESSOR_DEFINITIONS = (
					"DEBUG=1",
					"$(inherited)",
				);
				GCC_WARN_64_TO_32_BIT_CONVERSION = YES;
				GCC_WARN_ABOUT_RETURN_TYPE = YES_ERROR;
				GCC_WARN_UNDECLARED_SELECTOR = YES;
				GCC_WARN_UNINITIALIZED_AUTOS = YES_AGGRESSIVE;
				GCC_WARN_UNUSED_FUNCTION = YES;
				GCC_WARN_UNUSED_VARIABLE = YES;
				IPHONEOS_DEPLOYMENT_TARGET = 14.5;
				MTL_ENABLE_DEBUG_INFO = INCLUDE_SOURCE;
				MTL_FAST_MATH = YES;
				ONLY_ACTIVE_ARCH = YES;
				SDKROOT = iphoneos;
				SWIFT_ACTIVE_COMPILATION_CONDITIONS = DEBUG;
				SWIFT_OPTIMIZATION_LEVEL = "-Onone";
			};
			name = Debug;
		};
		BA563F70272197FB0099EADC /* Release */ = {
			isa = XCBuildConfiguration;
			buildSettings = {
				ALWAYS_SEARCH_USER_PATHS = NO;
				CLANG_ANALYZER_NONNULL = YES;
				CLANG_ANALYZER_NUMBER_OBJECT_CONVERSION = YES_AGGRESSIVE;
				CLANG_CXX_LANGUAGE_STANDARD = "gnu++14";
				CLANG_CXX_LIBRARY = "libc++";
				CLANG_ENABLE_MODULES = YES;
				CLANG_ENABLE_OBJC_ARC = YES;
				CLANG_ENABLE_OBJC_WEAK = YES;
				CLANG_WARN_BLOCK_CAPTURE_AUTORELEASING = YES;
				CLANG_WARN_BOOL_CONVERSION = YES;
				CLANG_WARN_COMMA = YES;
				CLANG_WARN_CONSTANT_CONVERSION = YES;
				CLANG_WARN_DEPRECATED_OBJC_IMPLEMENTATIONS = YES;
				CLANG_WARN_DIRECT_OBJC_ISA_USAGE = YES_ERROR;
				CLANG_WARN_DOCUMENTATION_COMMENTS = YES;
				CLANG_WARN_EMPTY_BODY = YES;
				CLANG_WARN_ENUM_CONVERSION = YES;
				CLANG_WARN_INFINITE_RECURSION = YES;
				CLANG_WARN_INT_CONVERSION = YES;
				CLANG_WARN_NON_LITERAL_NULL_CONVERSION = YES;
				CLANG_WARN_OBJC_IMPLICIT_RETAIN_SELF = YES;
				CLANG_WARN_OBJC_LITERAL_CONVERSION = YES;
				CLANG_WARN_OBJC_ROOT_CLASS = YES_ERROR;
				CLANG_WARN_QUOTED_INCLUDE_IN_FRAMEWORK_HEADER = YES;
				CLANG_WARN_RANGE_LOOP_ANALYSIS = YES;
				CLANG_WARN_STRICT_PROTOTYPES = YES;
				CLANG_WARN_SUSPICIOUS_MOVE = YES;
				CLANG_WARN_UNGUARDED_AVAILABILITY = YES_AGGRESSIVE;
				CLANG_WARN_UNREACHABLE_CODE = YES;
				CLANG_WARN__DUPLICATE_METHOD_MATCH = YES;
				COPY_PHASE_STRIP = NO;
				DEBUG_INFORMATION_FORMAT = "dwarf-with-dsym";
				ENABLE_NS_ASSERTIONS = NO;
				ENABLE_STRICT_OBJC_MSGSEND = YES;
				GCC_C_LANGUAGE_STANDARD = gnu11;
				GCC_NO_COMMON_BLOCKS = YES;
				GCC_WARN_64_TO_32_BIT_CONVERSION = YES;
				GCC_WARN_ABOUT_RETURN_TYPE = YES_ERROR;
				GCC_WARN_UNDECLARED_SELECTOR = YES;
				GCC_WARN_UNINITIALIZED_AUTOS = YES_AGGRESSIVE;
				GCC_WARN_UNUSED_FUNCTION = YES;
				GCC_WARN_UNUSED_VARIABLE = YES;
				IPHONEOS_DEPLOYMENT_TARGET = 14.5;
				MTL_ENABLE_DEBUG_INFO = NO;
				MTL_FAST_MATH = YES;
				SDKROOT = iphoneos;
				SWIFT_COMPILATION_MODE = wholemodule;
				SWIFT_OPTIMIZATION_LEVEL = "-O";
				VALIDATE_PRODUCT = YES;
			};
			name = Release;
		};
		BA563F72272197FB0099EADC /* Debug */ = {
			isa = XCBuildConfiguration;
			buildSettings = {
				ASSETCATALOG_COMPILER_APPICON_NAME = AppIcon;
				ASSETCATALOG_COMPILER_GLOBAL_ACCENT_COLOR_NAME = AccentColor;
				CODE_SIGN_STYLE = Automatic;
				DEVELOPMENT_TEAM = 666GJ24875;
				INFOPLIST_FILE = TableViews/Info.plist;
				IPHONEOS_DEPLOYMENT_TARGET = 13.0;
				LD_RUNPATH_SEARCH_PATHS = (
					"$(inherited)",
					"@executable_path/Frameworks",
				);
				PRODUCT_BUNDLE_IDENTIFIER = cl.eseg.TableViews;
				PRODUCT_NAME = "$(TARGET_NAME)";
				SWIFT_VERSION = 5.0;
				TARGETED_DEVICE_FAMILY = "1,2";
			};
			name = Debug;
		};
		BA563F73272197FB0099EADC /* Release */ = {
			isa = XCBuildConfiguration;
			buildSettings = {
				ASSETCATALOG_COMPILER_APPICON_NAME = AppIcon;
				ASSETCATALOG_COMPILER_GLOBAL_ACCENT_COLOR_NAME = AccentColor;
				CODE_SIGN_STYLE = Automatic;
				DEVELOPMENT_TEAM = 666GJ24875;
				INFOPLIST_FILE = TableViews/Info.plist;
				IPHONEOS_DEPLOYMENT_TARGET = 13.0;
				LD_RUNPATH_SEARCH_PATHS = (
					"$(inherited)",
					"@executable_path/Frameworks",
				);
				PRODUCT_BUNDLE_IDENTIFIER = cl.eseg.TableViews;
				PRODUCT_NAME = "$(TARGET_NAME)";
				SWIFT_VERSION = 5.0;
				TARGETED_DEVICE_FAMILY = "1,2";
			};
			name = Release;
		};
/* End XCBuildConfiguration section */

/* Begin XCConfigurationList section */
		BA563F58272197FA0099EADC /* Build configuration list for PBXProject "TableViews" */ = {
			isa = XCConfigurationList;
			buildConfigurations = (
				BA563F6F272197FB0099EADC /* Debug */,
				BA563F70272197FB0099EADC /* Release */,
			);
			defaultConfigurationIsVisible = 0;
			defaultConfigurationName = Release;
		};
		BA563F71272197FB0099EADC /* Build configuration list for PBXNativeTarget "TableViews" */ = {
			isa = XCConfigurationList;
			buildConfigurations = (
				BA563F72272197FB0099EADC /* Debug */,
				BA563F73272197FB0099EADC /* Release */,
			);
			defaultConfigurationIsVisible = 0;
			defaultConfigurationName = Release;
		};
/* End XCConfigurationList section */
	};
	rootObject = BA563F55272197FA0099EADC /* Project object */;
}
