// !$*UTF8*$!
{
	archiveVersion = 1;
	classes = {
	};
	objectVersion = 55;
	objects = {

/* Begin PBXBuildFile section */
		BA13511A275BAFBA007BEA84 /* AppDelegate.swift in Sources */ = {isa = PBXBuildFile; fileRef = BA135119275BAFBA007BEA84 /* AppDelegate.swift */; };
		BA13511C275BAFBA007BEA84 /* SceneDelegate.swift in Sources */ = {isa = PBXBuildFile; fileRef = BA13511B275BAFBA007BEA84 /* SceneDelegate.swift */; };
		BA13511E275BAFBA007BEA84 /* ViewController.swift in Sources */ = {isa = PBXBuildFile; fileRef = BA13511D275BAFBA007BEA84 /* ViewController.swift */; };
		BA135121275BAFBA007BEA84 /* Main.storyboard in Resources */ = {isa = PBXBuildFile; fileRef = BA13511F275BAFBA007BEA84 /* Main.storyboard */; };
		BA135126275BAFBC007BEA84 /* Assets.xcassets in Resources */ = {isa = PBXBuildFile; fileRef = BA135125275BAFBC007BEA84 /* Assets.xcassets */; };
		BA135129275BAFBC007BEA84 /* LaunchScreen.storyboard in Resources */ = {isa = PBXBuildFile; fileRef = BA135127275BAFBC007BEA84 /* LaunchScreen.storyboard */; };
		BA135139275D0BD5007BEA84 /* TableViews.xcdatamodeld in Sources */ = {isa = PBXBuildFile; fileRef = BA135137275D0BD5007BEA84 /* TableViews.xcdatamodeld */; };
		BA135141275D1257007BEA84 /* Pais+CoreDataClass.swift in Sources */ = {isa = PBXBuildFile; fileRef = BA13513F275D1257007BEA84 /* Pais+CoreDataClass.swift */; };
		BA135142275D1257007BEA84 /* Pais+CoreDataProperties.swift in Sources */ = {isa = PBXBuildFile; fileRef = BA135140275D1257007BEA84 /* Pais+CoreDataProperties.swift */; };
/* End PBXBuildFile section */

/* Begin PBXFileReference section */
		BA135116275BAFBA007BEA84 /* DataPersistenceWithCoreData.app */ = {isa = PBXFileReference; explicitFileType = wrapper.application; includeInIndex = 0; path = DataPersistenceWithCoreData.app; sourceTree = BUILT_PRODUCTS_DIR; };
		BA135119275BAFBA007BEA84 /* AppDelegate.swift */ = {isa = PBXFileReference; lastKnownFileType = sourcecode.swift; path = AppDelegate.swift; sourceTree = "<group>"; };
		BA13511B275BAFBA007BEA84 /* SceneDelegate.swift */ = {isa = PBXFileReference; lastKnownFileType = sourcecode.swift; path = SceneDelegate.swift; sourceTree = "<group>"; };
		BA13511D275BAFBA007BEA84 /* ViewController.swift */ = {isa = PBXFileReference; lastKnownFileType = sourcecode.swift; path = ViewController.swift; sourceTree = "<group>"; };
		BA135120275BAFBA007BEA84 /* Base */ = {isa = PBXFileReference; lastKnownFileType = file.storyboard; name = Base; path = Base.lproj/Main.storyboard; sourceTree = "<group>"; };
		BA135125275BAFBC007BEA84 /* Assets.xcassets */ = {isa = PBXFileReference; lastKnownFileType = folder.assetcatalog; path = Assets.xcassets; sourceTree = "<group>"; };
		BA135128275BAFBC007BEA84 /* Base */ = {isa = PBXFileReference; lastKnownFileType = file.storyboard; name = Base; path = Base.lproj/LaunchScreen.storyboard; sourceTree = "<group>"; };
		BA13512A275BAFBC007BEA84 /* Info.plist */ = {isa = PBXFileReference; lastKnownFileType = text.plist.xml; path = Info.plist; sourceTree = "<group>"; };
		BA135138275D0BD5007BEA84 /* TableViews.xcdatamodel */ = {isa = PBXFileReference; lastKnownFileType = wrapper.xcdatamodel; path = TableViews.xcdatamodel; sourceTree = "<group>"; };
		BA13513F275D1257007BEA84 /* Pais+CoreDataClass.swift */ = {isa = PBXFileReference; lastKnownFileType = sourcecode.swift; path = "Pais+CoreDataClass.swift"; sourceTree = "<group>"; };
		BA135140275D1257007BEA84 /* Pais+CoreDataProperties.swift */ = {isa = PBXFileReference; lastKnownFileType = sourcecode.swift; path = "Pais+CoreDataProperties.swift"; sourceTree = "<group>"; };
/* End PBXFileReference section */

/* Begin PBXFrameworksBuildPhase section */
		BA135113275BAFBA007BEA84 /* Frameworks */ = {
			isa = PBXFrameworksBuildPhase;
			buildActionMask = 2147483647;
			files = (
			);
			runOnlyForDeploymentPostprocessing = 0;
		};
/* End PBXFrameworksBuildPhase section */

/* Begin PBXGroup section */
		BA13510D275BAFBA007BEA84 = {
			isa = PBXGroup;
			children = (
				BA135118275BAFBA007BEA84 /* DataPersistenceWithCoreData */,
				BA135117275BAFBA007BEA84 /* Products */,
			);
			sourceTree = "<group>";
		};
		BA135117275BAFBA007BEA84 /* Products */ = {
			isa = PBXGroup;
			children = (
				BA135116275BAFBA007BEA84 /* DataPersistenceWithCoreData.app */,
			);
			name = Products;
			sourceTree = "<group>";
		};
		BA135118275BAFBA007BEA84 /* DataPersistenceWithCoreData */ = {
			isa = PBXGroup;
			children = (
				BA13513E275D10C5007BEA84 /* Model */,
				BA135119275BAFBA007BEA84 /* AppDelegate.swift */,
				BA13511B275BAFBA007BEA84 /* SceneDelegate.swift */,
				BA13511D275BAFBA007BEA84 /* ViewController.swift */,
				BA13511F275BAFBA007BEA84 /* Main.storyboard */,
				BA135125275BAFBC007BEA84 /* Assets.xcassets */,
				BA135127275BAFBC007BEA84 /* LaunchScreen.storyboard */,
				BA13512A275BAFBC007BEA84 /* Info.plist */,
				BA135137275D0BD5007BEA84 /* TableViews.xcdatamodeld */,
			);
			path = DataPersistenceWithCoreData;
			sourceTree = "<group>";
		};
		BA13513E275D10C5007BEA84 /* Model */ = {
			isa = PBXGroup;
			children = (
				BA13513F275D1257007BEA84 /* Pais+CoreDataClass.swift */,
				BA135140275D1257007BEA84 /* Pais+CoreDataProperties.swift */,
			);
			path = Model;
			sourceTree = "<group>";
		};
/* End PBXGroup section */

/* Begin PBXNativeTarget section */
		BA135115275BAFBA007BEA84 /* DataPersistenceWithCoreData */ = {
			isa = PBXNativeTarget;
			buildConfigurationList = BA13512D275BAFBC007BEA84 /* Build configuration list for PBXNativeTarget "DataPersistenceWithCoreData" */;
			buildPhases = (
				BA135112275BAFBA007BEA84 /* Sources */,
				BA135113275BAFBA007BEA84 /* Frameworks */,
				BA135114275BAFBA007BEA84 /* Resources */,
			);
			buildRules = (
			);
			dependencies = (
			);
			name = DataPersistenceWithCoreData;
			productName = DataPersistenceWithCoreData;
			productReference = BA135116275BAFBA007BEA84 /* DataPersistenceWithCoreData.app */;
			productType = "com.apple.product-type.application";
		};
/* End PBXNativeTarget section */

/* Begin PBXProject section */
		BA13510E275BAFBA007BEA84 /* Project object */ = {
			isa = PBXProject;
			attributes = {
				BuildIndependentTargetsInParallel = 1;
				LastSwiftUpdateCheck = 1310;
				LastUpgradeCheck = 1310;
				TargetAttributes = {
					BA135115275BAFBA007BEA84 = {
						CreatedOnToolsVersion = 13.1;
					};
				};
			};
			buildConfigurationList = BA135111275BAFBA007BEA84 /* Build configuration list for PBXProject "DataPersistenceWithCoreData" */;
			compatibilityVersion = "Xcode 13.0";
			developmentRegion = en;
			hasScannedForEncodings = 0;
			knownRegions = (
				en,
				Base,
			);
			mainGroup = BA13510D275BAFBA007BEA84;
			productRefGroup = BA135117275BAFBA007BEA84 /* Products */;
			projectDirPath = "";
			projectRoot = "";
			targets = (
				BA135115275BAFBA007BEA84 /* DataPersistenceWithCoreData */,
			);
		};
/* End PBXProject section */

/* Begin PBXResourcesBuildPhase section */
		BA135114275BAFBA007BEA84 /* Resources */ = {
			isa = PBXResourcesBuildPhase;
			buildActionMask = 2147483647;
			files = (
				BA135129275BAFBC007BEA84 /* LaunchScreen.storyboard in Resources */,
				BA135126275BAFBC007BEA84 /* Assets.xcassets in Resources */,
				BA135121275BAFBA007BEA84 /* Main.storyboard in Resources */,
			);
			runOnlyForDeploymentPostprocessing = 0;
		};
/* End PBXResourcesBuildPhase section */

/* Begin PBXSourcesBuildPhase section */
		BA135112275BAFBA007BEA84 /* Sources */ = {
			isa = PBXSourcesBuildPhase;
			buildActionMask = 2147483647;
			files = (
				BA13511E275BAFBA007BEA84 /* ViewController.swift in Sources */,
				BA135139275D0BD5007BEA84 /* TableViews.xcdatamodeld in Sources */,
				BA13511A275BAFBA007BEA84 /* AppDelegate.swift in Sources */,
				BA135141275D1257007BEA84 /* Pais+CoreDataClass.swift in Sources */,
				BA135142275D1257007BEA84 /* Pais+CoreDataProperties.swift in Sources */,
				BA13511C275BAFBA007BEA84 /* SceneDelegate.swift in Sources */,
			);
			runOnlyForDeploymentPostprocessing = 0;
		};
/* End PBXSourcesBuildPhase section */

/* Begin PBXVariantGroup section */
		BA13511F275BAFBA007BEA84 /* Main.storyboard */ = {
			isa = PBXVariantGroup;
			children = (
				BA135120275BAFBA007BEA84 /* Base */,
			);
			name = Main.storyboard;
			sourceTree = "<group>";
		};
		BA135127275BAFBC007BEA84 /* LaunchScreen.storyboard */ = {
			isa = PBXVariantGroup;
			children = (
				BA135128275BAFBC007BEA84 /* Base */,
			);
			name = LaunchScreen.storyboard;
			sourceTree = "<group>";
		};
/* End PBXVariantGroup section */

/* Begin XCBuildConfiguration section */
		BA13512B275BAFBC007BEA84 /* Debug */ = {
			isa = XCBuildConfiguration;
			buildSettings = {
				ALWAYS_SEARCH_USER_PATHS = NO;
				CLANG_ANALYZER_NONNULL = YES;
				CLANG_ANALYZER_NUMBER_OBJECT_CONVERSION = YES_AGGRESSIVE;
				CLANG_CXX_LANGUAGE_STANDARD = "gnu++17";
				CLANG_CXX_LIBRARY = "libc++";
				CLANG_ENABLE_MODULES = YES;
				CLANG_ENABLE_OBJC_ARC = YES;
				CLANG_ENABLE_OBJC_WEAK = YES;
				CLANG_WARN_BLOCK_CAPTURE_AUTORELEASING = YES;
				CLANG_WARN_BOOL_CONVERSION = YES;
				CLANG_WARN_COMMA = YES;
				CLANG_WARN_CONSTANT_CONVERSION = YES;
				CLANG_WARN_DEPRECATED_OBJC_IMPLEMENTATIONS = YES;
				CLANG_WARN_DIRECT_OBJC_ISA_USAGE = YES_ERROR;
				CLANG_WARN_DOCUMENTATION_COMMENTS = YES;
				CLANG_WARN_EMPTY_BODY = YES;
				CLANG_WARN_ENUM_CONVERSION = YES;
				CLANG_WARN_INFINITE_RECURSION = YES;
				CLANG_WARN_INT_CONVERSION = YES;
				CLANG_WARN_NON_LITERAL_NULL_CONVERSION = YES;
				CLANG_WARN_OBJC_IMPLICIT_RETAIN_SELF = YES;
				CLANG_WARN_OBJC_LITERAL_CONVERSION = YES;
				CLANG_WARN_OBJC_ROOT_CLASS = YES_ERROR;
				CLANG_WARN_QUOTED_INCLUDE_IN_FRAMEWORK_HEADER = YES;
				CLANG_WARN_RANGE_LOOP_ANALYSIS = YES;
				CLANG_WARN_STRICT_PROTOTYPES = YES;
				CLANG_WARN_SUSPICIOUS_MOVE = YES;
				CLANG_WARN_UNGUARDED_AVAILABILITY = YES_AGGRESSIVE;
				CLANG_WARN_UNREACHABLE_CODE = YES;
				CLANG_WARN__DUPLICATE_METHOD_MATCH = YES;
				COPY_PHASE_STRIP = NO;
				DEBUG_INFORMATION_FORMAT = dwarf;
				ENABLE_STRICT_OBJC_MSGSEND = YES;
				ENABLE_TESTABILITY = YES;
				GCC_C_LANGUAGE_STANDARD = gnu11;
				GCC_DYNAMIC_NO_PIC = NO;
				GCC_NO_COMMON_BLOCKS = YES;
				GCC_OPTIMIZATION_LEVEL = 0;
				GCC_PREPROCESSOR_DEFINITIONS = (
					"DEBUG=1",
					"$(inherited)",
				);
				GCC_WARN_64_TO_32_BIT_CONVERSION = YES;
				GCC_WARN_ABOUT_RETURN_TYPE = YES_ERROR;
				GCC_WARN_UNDECLARED_SELECTOR = YES;
				GCC_WARN_UNINITIALIZED_AUTOS = YES_AGGRESSIVE;
				GCC_WARN_UNUSED_FUNCTION = YES;
				GCC_WARN_UNUSED_VARIABLE = YES;
				IPHONEOS_DEPLOYMENT_TARGET = 15.0;
				MTL_ENABLE_DEBUG_INFO = INCLUDE_SOURCE;
				MTL_FAST_MATH = YES;
				ONLY_ACTIVE_ARCH = YES;
				SDKROOT = iphoneos;
				SWIFT_ACTIVE_COMPILATION_CONDITIONS = DEBUG;
				SWIFT_OPTIMIZATION_LEVEL = "-Onone";
			};
			name = Debug;
		};
		BA13512C275BAFBC007BEA84 /* Release */ = {
			isa = XCBuildConfiguration;
			buildSettings = {
				ALWAYS_SEARCH_USER_PATHS = NO;
				CLANG_ANALYZER_NONNULL = YES;
				CLANG_ANALYZER_NUMBER_OBJECT_CONVERSION = YES_AGGRESSIVE;
				CLANG_CXX_LANGUAGE_STANDARD = "gnu++17";
				CLANG_CXX_LIBRARY = "libc++";
				CLANG_ENABLE_MODULES = YES;
				CLANG_ENABLE_OBJC_ARC = YES;
				CLANG_ENABLE_OBJC_WEAK = YES;
				CLANG_WARN_BLOCK_CAPTURE_AUTORELEASING = YES;
				CLANG_WARN_BOOL_CONVERSION = YES;
				CLANG_WARN_COMMA = YES;
				CLANG_WARN_CONSTANT_CONVERSION = YES;
				CLANG_WARN_DEPRECATED_OBJC_IMPLEMENTATIONS = YES;
				CLANG_WARN_DIRECT_OBJC_ISA_USAGE = YES_ERROR;
				CLANG_WARN_DOCUMENTATION_COMMENTS = YES;
				CLANG_WARN_EMPTY_BODY = YES;
				CLANG_WARN_ENUM_CONVERSION = YES;
				CLANG_WARN_INFINITE_RECURSION = YES;
				CLANG_WARN_INT_CONVERSION = YES;
				CLANG_WARN_NON_LITERAL_NULL_CONVERSION = YES;
				CLANG_WARN_OBJC_IMPLICIT_RETAIN_SELF = YES;
				CLANG_WARN_OBJC_LITERAL_CONVERSION = YES;
				CLANG_WARN_OBJC_ROOT_CLASS = YES_ERROR;
				CLANG_WARN_QUOTED_INCLUDE_IN_FRAMEWORK_HEADER = YES;
				CLANG_WARN_RANGE_LOOP_ANALYSIS = YES;
				CLANG_WARN_STRICT_PROTOTYPES = YES;
				CLANG_WARN_SUSPICIOUS_MOVE = YES;
				CLANG_WARN_UNGUARDED_AVAILABILITY = YES_AGGRESSIVE;
				CLANG_WARN_UNREACHABLE_CODE = YES;
				CLANG_WARN__DUPLICATE_METHOD_MATCH = YES;
				COPY_PHASE_STRIP = NO;
				DEBUG_INFORMATION_FORMAT = "dwarf-with-dsym";
				ENABLE_NS_ASSERTIONS = NO;
				ENABLE_STRICT_OBJC_MSGSEND = YES;
				GCC_C_LANGUAGE_STANDARD = gnu11;
				GCC_NO_COMMON_BLOCKS = YES;
				GCC_WARN_64_TO_32_BIT_CONVERSION = YES;
				GCC_WARN_ABOUT_RETURN_TYPE = YES_ERROR;
				GCC_WARN_UNDECLARED_SELECTOR = YES;
				GCC_WARN_UNINITIALIZED_AUTOS = YES_AGGRESSIVE;
				GCC_WARN_UNUSED_FUNCTION = YES;
				GCC_WARN_UNUSED_VARIABLE = YES;
				IPHONEOS_DEPLOYMENT_TARGET = 15.0;
				MTL_ENABLE_DEBUG_INFO = NO;
				MTL_FAST_MATH = YES;
				SDKROOT = iphoneos;
				SWIFT_COMPILATION_MODE = wholemodule;
				SWIFT_OPTIMIZATION_LEVEL = "-O";
				VALIDATE_PRODUCT = YES;
			};
			name = Release;
		};
		BA13512E275BAFBC007BEA84 /* Debug */ = {
			isa = XCBuildConfiguration;
			buildSettings = {
				ASSETCATALOG_COMPILER_APPICON_NAME = AppIcon;
				ASSETCATALOG_COMPILER_GLOBAL_ACCENT_COLOR_NAME = AccentColor;
				CODE_SIGN_STYLE = Automatic;
				CURRENT_PROJECT_VERSION = 1;
				DEVELOPMENT_TEAM = 666GJ24875;
				GENERATE_INFOPLIST_FILE = YES;
				INFOPLIST_FILE = DataPersistenceWithCoreData/Info.plist;
				INFOPLIST_KEY_UIApplicationSupportsIndirectInputEvents = YES;
				INFOPLIST_KEY_UILaunchStoryboardName = LaunchScreen;
				INFOPLIST_KEY_UIMainStoryboardFile = Main;
				INFOPLIST_KEY_UISupportedInterfaceOrientations_iPad = "UIInterfaceOrientationPortrait UIInterfaceOrientationPortraitUpsideDown UIInterfaceOrientationLandscapeLeft UIInterfaceOrientationLandscapeRight";
				INFOPLIST_KEY_UISupportedInterfaceOrientations_iPhone = "UIInterfaceOrientationPortrait UIInterfaceOrientationLandscapeLeft UIInterfaceOrientationLandscapeRight";
				LD_RUNPATH_SEARCH_PATHS = (
					"$(inherited)",
					"@executable_path/Frameworks",
				);
				MARKETING_VERSION = 1.0;
				PRODUCT_BUNDLE_IDENTIFIER = cl.eseg.DataPersistenceWithCoreData;
				PRODUCT_NAME = "$(TARGET_NAME)";
				SWIFT_EMIT_LOC_STRINGS = YES;
				SWIFT_VERSION = 5.0;
				TARGETED_DEVICE_FAMILY = "1,2";
			};
			name = Debug;
		};
		BA13512F275BAFBC007BEA84 /* Release */ = {
			isa = XCBuildConfiguration;
			buildSettings = {
				ASSETCATALOG_COMPILER_APPICON_NAME = AppIcon;
				ASSETCATALOG_COMPILER_GLOBAL_ACCENT_COLOR_NAME = AccentColor;
				CODE_SIGN_STYLE = Automatic;
				CURRENT_PROJECT_VERSION = 1;
				DEVELOPMENT_TEAM = 666GJ24875;
				GENERATE_INFOPLIST_FILE = YES;
				INFOPLIST_FILE = DataPersistenceWithCoreData/Info.plist;
				INFOPLIST_KEY_UIApplicationSupportsIndirectInputEvents = YES;
				INFOPLIST_KEY_UILaunchStoryboardName = LaunchScreen;
				INFOPLIST_KEY_UIMainStoryboardFile = Main;
				INFOPLIST_KEY_UISupportedInterfaceOrientations_iPad = "UIInterfaceOrientationPortrait UIInterfaceOrientationPortraitUpsideDown UIInterfaceOrientationLandscapeLeft UIInterfaceOrientationLandscapeRight";
				INFOPLIST_KEY_UISupportedInterfaceOrientations_iPhone = "UIInterfaceOrientationPortrait UIInterfaceOrientationLandscapeLeft UIInterfaceOrientationLandscapeRight";
				LD_RUNPATH_SEARCH_PATHS = (
					"$(inherited)",
					"@executable_path/Frameworks",
				);
				MARKETING_VERSION = 1.0;
				PRODUCT_BUNDLE_IDENTIFIER = cl.eseg.DataPersistenceWithCoreData;
				PRODUCT_NAME = "$(TARGET_NAME)";
				SWIFT_EMIT_LOC_STRINGS = YES;
				SWIFT_VERSION = 5.0;
				TARGETED_DEVICE_FAMILY = "1,2";
			};
			name = Release;
		};
/* End XCBuildConfiguration section */

/* Begin XCConfigurationList section */
		BA135111275BAFBA007BEA84 /* Build configuration list for PBXProject "DataPersistenceWithCoreData" */ = {
			isa = XCConfigurationList;
			buildConfigurations = (
				BA13512B275BAFBC007BEA84 /* Debug */,
				BA13512C275BAFBC007BEA84 /* Release */,
			);
			defaultConfigurationIsVisible = 0;
			defaultConfigurationName = Release;
		};
		BA13512D275BAFBC007BEA84 /* Build configuration list for PBXNativeTarget "DataPersistenceWithCoreData" */ = {
			isa = XCConfigurationList;
			buildConfigurations = (
				BA13512E275BAFBC007BEA84 /* Debug */,
				BA13512F275BAFBC007BEA84 /* Release */,
			);
			defaultConfigurationIsVisible = 0;
			defaultConfigurationName = Release;
		};
/* End XCConfigurationList section */

/* Begin XCVersionGroup section */
		BA135137275D0BD5007BEA84 /* TableViews.xcdatamodeld */ = {
			isa = XCVersionGroup;
			children = (
				BA135138275D0BD5007BEA84 /* TableViews.xcdatamodel */,
			);
			currentVersion = BA135138275D0BD5007BEA84 /* TableViews.xcdatamodel */;
			path = TableViews.xcdatamodeld;
			sourceTree = "<group>";
			versionGroupType = wrapper.xcdatamodel;
		};
/* End XCVersionGroup section */
	};
	rootObject = BA13510E275BAFBA007BEA84 /* Project object */;
}
